// !$*UTF8*$!
{
	archiveVersion = 1;
	classes = {
	};
	objectVersion = 46;
	objects = {

/* Begin PBXBuildFile section */
		070DCD971AA1FA270043F4C9 /* MainCollectionViewCell.swift in Sources */ = {isa = PBXBuildFile; fileRef = 070DCD951AA1FA270043F4C9 /* MainCollectionViewCell.swift */; };
		070DCD981AA1FA270043F4C9 /* MainCollectionViewCell.xib in Resources */ = {isa = PBXBuildFile; fileRef = 070DCD961AA1FA270043F4C9 /* MainCollectionViewCell.xib */; };
		074870BC1AA214BF00F5D227 /* PaymentManager.m in Sources */ = {isa = PBXBuildFile; fileRef = 074870BB1AA214BF00F5D227 /* PaymentManager.m */; };
		074870BE1AA2163700F5D227 /* PaymentViewController.swift in Sources */ = {isa = PBXBuildFile; fileRef = 074870BD1AA2163700F5D227 /* PaymentViewController.swift */; };
		074870C01AA2516500F5D227 /* ConfirmationViewController.swift in Sources */ = {isa = PBXBuildFile; fileRef = 074870BF1AA2516500F5D227 /* ConfirmationViewController.swift */; };
		07C1AA5C1AA150500042854E /* Crashlytics.framework in Frameworks */ = {isa = PBXBuildFile; fileRef = 07C1AA5A1AA150500042854E /* Crashlytics.framework */; };
		07C1AA5D1AA150500042854E /* Fabric.framework in Frameworks */ = {isa = PBXBuildFile; fileRef = 07C1AA5B1AA150500042854E /* Fabric.framework */; };
		07C1AA5F1AA155400042854E /* MainViewController.swift in Sources */ = {isa = PBXBuildFile; fileRef = 07C1AA5E1AA155400042854E /* MainViewController.swift */; };
		07D7EC231AA1790800606D43 /* RequestViewController.swift in Sources */ = {isa = PBXBuildFile; fileRef = 07D7EC221AA1790800606D43 /* RequestViewController.swift */; };
		07D7EC251AA1797300606D43 /* HistoryViewController.swift in Sources */ = {isa = PBXBuildFile; fileRef = 07D7EC241AA1797300606D43 /* HistoryViewController.swift */; };
		07D7EC271AA1830600606D43 /* LoginViewController.swift in Sources */ = {isa = PBXBuildFile; fileRef = 07D7EC261AA1830600606D43 /* LoginViewController.swift */; };
		07D7EC311AA1A32800606D43 /* UIImageView+Fetch.m in Sources */ = {isa = PBXBuildFile; fileRef = 07D7EC301AA1A32800606D43 /* UIImageView+Fetch.m */; };
		07D7EC361AA1AC3600606D43 /* BackgroundTableViewCell.swift in Sources */ = {isa = PBXBuildFile; fileRef = 07D7EC341AA1AC3600606D43 /* BackgroundTableViewCell.swift */; };
		07D7EC371AA1AC3600606D43 /* BackgroundTableViewCell.xib in Resources */ = {isa = PBXBuildFile; fileRef = 07D7EC351AA1AC3600606D43 /* BackgroundTableViewCell.xib */; };
		07D7EC391AA1B7DF00606D43 /* UserViewController.swift in Sources */ = {isa = PBXBuildFile; fileRef = 07D7EC381AA1B7DF00606D43 /* UserViewController.swift */; };
		07D7EC3F1AA1E28900606D43 /* MessageManager.m in Sources */ = {isa = PBXBuildFile; fileRef = 07D7EC3E1AA1E28900606D43 /* MessageManager.m */; };
		07D7EC471AA1EC9B00606D43 /* MessageTableViewController.m in Sources */ = {isa = PBXBuildFile; fileRef = 07D7EC461AA1EC9B00606D43 /* MessageTableViewController.m */; };
		07D7EC4E1AA1EE5C00606D43 /* IncomingMessageCell.xib in Resources */ = {isa = PBXBuildFile; fileRef = 07D7EC4C1AA1EE5C00606D43 /* IncomingMessageCell.xib */; };
		07D7EC4F1AA1EE5C00606D43 /* OutgoingMessageCell.xib in Resources */ = {isa = PBXBuildFile; fileRef = 07D7EC4D1AA1EE5C00606D43 /* OutgoingMessageCell.xib */; };
		07D7EC521AA1EFA100606D43 /* MessageTableViewCell.m in Sources */ = {isa = PBXBuildFile; fileRef = 07D7EC511AA1EFA100606D43 /* MessageTableViewCell.m */; };
		22D1942B5A9A218BE013B411 /* libPods.a in Frameworks */ = {isa = PBXBuildFile; fileRef = FC19ABE1547EBEB50EAE97E7 /* libPods.a */; };
		335186681AA1668600636D86 /* User.m in Sources */ = {isa = PBXBuildFile; fileRef = 335186671AA1668600636D86 /* User.m */; };
		3351866B1AA16E7900636D86 /* UserManager.m in Sources */ = {isa = PBXBuildFile; fileRef = 3351866A1AA16E7900636D86 /* UserManager.m */; };
		33720F531AA1B6F40040895D /* Request.m in Sources */ = {isa = PBXBuildFile; fileRef = 33720F521AA1B6F40040895D /* Request.m */; };
		33BC3E431AA1417400B4B620 /* main.m in Sources */ = {isa = PBXBuildFile; fileRef = 33BC3E421AA1417400B4B620 /* main.m */; };
		33BC3E461AA1417400B4B620 /* AppDelegate.m in Sources */ = {isa = PBXBuildFile; fileRef = 33BC3E451AA1417400B4B620 /* AppDelegate.m */; };
		33BC3E4C1AA1417400B4B620 /* Main.storyboard in Resources */ = {isa = PBXBuildFile; fileRef = 33BC3E4A1AA1417400B4B620 /* Main.storyboard */; };
		33BC3E4E1AA1417400B4B620 /* Images.xcassets in Resources */ = {isa = PBXBuildFile; fileRef = 33BC3E4D1AA1417400B4B620 /* Images.xcassets */; };
		33BC3E511AA1417400B4B620 /* LaunchScreen.xib in Resources */ = {isa = PBXBuildFile; fileRef = 33BC3E4F1AA1417400B4B620 /* LaunchScreen.xib */; };
		33BC3E5D1AA1417400B4B620 /* WisenTests.m in Sources */ = {isa = PBXBuildFile; fileRef = 33BC3E5C1AA1417400B4B620 /* WisenTests.m */; };
		33D3E3251AA157A900F98C56 /* TwitterAuthHelper.m in Sources */ = {isa = PBXBuildFile; fileRef = 33D3E3241AA157A900F98C56 /* TwitterAuthHelper.m */; };
/* End PBXBuildFile section */

/* Begin PBXContainerItemProxy section */
		33BC3E571AA1417400B4B620 /* PBXContainerItemProxy */ = {
			isa = PBXContainerItemProxy;
			containerPortal = 33BC3E351AA1417400B4B620 /* Project object */;
			proxyType = 1;
			remoteGlobalIDString = 33BC3E3C1AA1417400B4B620;
			remoteInfo = Wisen;
		};
/* End PBXContainerItemProxy section */

/* Begin PBXFileReference section */
		070DCD951AA1FA270043F4C9 /* MainCollectionViewCell.swift */ = {isa = PBXFileReference; fileEncoding = 4; lastKnownFileType = sourcecode.swift; path = MainCollectionViewCell.swift; sourceTree = "<group>"; };
		070DCD961AA1FA270043F4C9 /* MainCollectionViewCell.xib */ = {isa = PBXFileReference; fileEncoding = 4; lastKnownFileType = file.xib; path = MainCollectionViewCell.xib; sourceTree = "<group>"; };
		074870BA1AA214BF00F5D227 /* PaymentManager.h */ = {isa = PBXFileReference; fileEncoding = 4; lastKnownFileType = sourcecode.c.h; path = PaymentManager.h; sourceTree = "<group>"; };
		074870BB1AA214BF00F5D227 /* PaymentManager.m */ = {isa = PBXFileReference; fileEncoding = 4; lastKnownFileType = sourcecode.c.objc; path = PaymentManager.m; sourceTree = "<group>"; };
		074870BD1AA2163700F5D227 /* PaymentViewController.swift */ = {isa = PBXFileReference; fileEncoding = 4; lastKnownFileType = sourcecode.swift; path = PaymentViewController.swift; sourceTree = "<group>"; };
		074870BF1AA2516500F5D227 /* ConfirmationViewController.swift */ = {isa = PBXFileReference; fileEncoding = 4; lastKnownFileType = sourcecode.swift; path = ConfirmationViewController.swift; sourceTree = "<group>"; };
		07C1AA5A1AA150500042854E /* Crashlytics.framework */ = {isa = PBXFileReference; lastKnownFileType = wrapper.framework; path = Crashlytics.framework; sourceTree = "<group>"; };
		07C1AA5B1AA150500042854E /* Fabric.framework */ = {isa = PBXFileReference; lastKnownFileType = wrapper.framework; path = Fabric.framework; sourceTree = "<group>"; };
		07C1AA5E1AA155400042854E /* MainViewController.swift */ = {isa = PBXFileReference; fileEncoding = 4; lastKnownFileType = sourcecode.swift; path = MainViewController.swift; sourceTree = "<group>"; };
		07D7EC221AA1790800606D43 /* RequestViewController.swift */ = {isa = PBXFileReference; fileEncoding = 4; lastKnownFileType = sourcecode.swift; path = RequestViewController.swift; sourceTree = "<group>"; };
		07D7EC241AA1797300606D43 /* HistoryViewController.swift */ = {isa = PBXFileReference; fileEncoding = 4; lastKnownFileType = sourcecode.swift; path = HistoryViewController.swift; sourceTree = "<group>"; };
		07D7EC261AA1830600606D43 /* LoginViewController.swift */ = {isa = PBXFileReference; fileEncoding = 4; lastKnownFileType = sourcecode.swift; path = LoginViewController.swift; sourceTree = "<group>"; };
		07D7EC281AA183D300606D43 /* PrefixHeader.pch */ = {isa = PBXFileReference; lastKnownFileType = sourcecode.c.h; path = PrefixHeader.pch; sourceTree = "<group>"; };
		07D7EC291AA1853800606D43 /* Wisen-Bridging-Header.h */ = {isa = PBXFileReference; lastKnownFileType = sourcecode.c.h; path = "Wisen-Bridging-Header.h"; sourceTree = "<group>"; };
		07D7EC2F1AA1A32800606D43 /* UIImageView+Fetch.h */ = {isa = PBXFileReference; fileEncoding = 4; lastKnownFileType = sourcecode.c.h; path = "UIImageView+Fetch.h"; sourceTree = "<group>"; };
		07D7EC301AA1A32800606D43 /* UIImageView+Fetch.m */ = {isa = PBXFileReference; fileEncoding = 4; lastKnownFileType = sourcecode.c.objc; path = "UIImageView+Fetch.m"; sourceTree = "<group>"; };
		07D7EC341AA1AC3600606D43 /* BackgroundTableViewCell.swift */ = {isa = PBXFileReference; fileEncoding = 4; lastKnownFileType = sourcecode.swift; path = BackgroundTableViewCell.swift; sourceTree = "<group>"; };
		07D7EC351AA1AC3600606D43 /* BackgroundTableViewCell.xib */ = {isa = PBXFileReference; fileEncoding = 4; lastKnownFileType = file.xib; path = BackgroundTableViewCell.xib; sourceTree = "<group>"; };
		07D7EC381AA1B7DF00606D43 /* UserViewController.swift */ = {isa = PBXFileReference; fileEncoding = 4; lastKnownFileType = sourcecode.swift; path = UserViewController.swift; sourceTree = "<group>"; };
		07D7EC3D1AA1E28900606D43 /* MessageManager.h */ = {isa = PBXFileReference; fileEncoding = 4; lastKnownFileType = sourcecode.c.h; path = MessageManager.h; sourceTree = "<group>"; };
		07D7EC3E1AA1E28900606D43 /* MessageManager.m */ = {isa = PBXFileReference; fileEncoding = 4; lastKnownFileType = sourcecode.c.objc; path = MessageManager.m; sourceTree = "<group>"; };
		07D7EC451AA1EC9B00606D43 /* MessageTableViewController.h */ = {isa = PBXFileReference; fileEncoding = 4; lastKnownFileType = sourcecode.c.h; path = MessageTableViewController.h; sourceTree = "<group>"; };
		07D7EC461AA1EC9B00606D43 /* MessageTableViewController.m */ = {isa = PBXFileReference; fileEncoding = 4; lastKnownFileType = sourcecode.c.objc; path = MessageTableViewController.m; sourceTree = "<group>"; };
		07D7EC4C1AA1EE5C00606D43 /* IncomingMessageCell.xib */ = {isa = PBXFileReference; fileEncoding = 4; lastKnownFileType = file.xib; path = IncomingMessageCell.xib; sourceTree = "<group>"; };
		07D7EC4D1AA1EE5C00606D43 /* OutgoingMessageCell.xib */ = {isa = PBXFileReference; fileEncoding = 4; lastKnownFileType = file.xib; path = OutgoingMessageCell.xib; sourceTree = "<group>"; };
		07D7EC501AA1EFA100606D43 /* MessageTableViewCell.h */ = {isa = PBXFileReference; fileEncoding = 4; lastKnownFileType = sourcecode.c.h; path = MessageTableViewCell.h; sourceTree = "<group>"; };
		07D7EC511AA1EFA100606D43 /* MessageTableViewCell.m */ = {isa = PBXFileReference; fileEncoding = 4; lastKnownFileType = sourcecode.c.objc; path = MessageTableViewCell.m; sourceTree = "<group>"; };
		182AD98120EF69D918B1C6E1 /* Pods.release.xcconfig */ = {isa = PBXFileReference; includeInIndex = 1; lastKnownFileType = text.xcconfig; name = Pods.release.xcconfig; path = "Pods/Target Support Files/Pods/Pods.release.xcconfig"; sourceTree = "<group>"; };
		335186661AA1668600636D86 /* User.h */ = {isa = PBXFileReference; fileEncoding = 4; lastKnownFileType = sourcecode.c.h; path = User.h; sourceTree = "<group>"; };
		335186671AA1668600636D86 /* User.m */ = {isa = PBXFileReference; fileEncoding = 4; lastKnownFileType = sourcecode.c.objc; path = User.m; sourceTree = "<group>"; };
		335186691AA16E7900636D86 /* UserManager.h */ = {isa = PBXFileReference; fileEncoding = 4; lastKnownFileType = sourcecode.c.h; path = UserManager.h; sourceTree = "<group>"; };
		3351866A1AA16E7900636D86 /* UserManager.m */ = {isa = PBXFileReference; fileEncoding = 4; lastKnownFileType = sourcecode.c.objc; path = UserManager.m; sourceTree = "<group>"; };
		33720F511AA1B6F40040895D /* Request.h */ = {isa = PBXFileReference; fileEncoding = 4; lastKnownFileType = sourcecode.c.h; path = Request.h; sourceTree = "<group>"; };
		33720F521AA1B6F40040895D /* Request.m */ = {isa = PBXFileReference; fileEncoding = 4; lastKnownFileType = sourcecode.c.objc; path = Request.m; sourceTree = "<group>"; };
		33BC3E3D1AA1417400B4B620 /* Wisen.app */ = {isa = PBXFileReference; explicitFileType = wrapper.application; includeInIndex = 0; path = Wisen.app; sourceTree = BUILT_PRODUCTS_DIR; };
		33BC3E411AA1417400B4B620 /* Info.plist */ = {isa = PBXFileReference; lastKnownFileType = text.plist.xml; path = Info.plist; sourceTree = "<group>"; };
		33BC3E421AA1417400B4B620 /* main.m */ = {isa = PBXFileReference; lastKnownFileType = sourcecode.c.objc; path = main.m; sourceTree = "<group>"; };
		33BC3E441AA1417400B4B620 /* AppDelegate.h */ = {isa = PBXFileReference; lastKnownFileType = sourcecode.c.h; path = AppDelegate.h; sourceTree = "<group>"; };
		33BC3E451AA1417400B4B620 /* AppDelegate.m */ = {isa = PBXFileReference; lastKnownFileType = sourcecode.c.objc; path = AppDelegate.m; sourceTree = "<group>"; };
		33BC3E4B1AA1417400B4B620 /* Base */ = {isa = PBXFileReference; lastKnownFileType = file.storyboard; name = Base; path = Base.lproj/Main.storyboard; sourceTree = "<group>"; };
		33BC3E4D1AA1417400B4B620 /* Images.xcassets */ = {isa = PBXFileReference; lastKnownFileType = folder.assetcatalog; path = Images.xcassets; sourceTree = "<group>"; };
		33BC3E501AA1417400B4B620 /* Base */ = {isa = PBXFileReference; lastKnownFileType = file.xib; name = Base; path = Base.lproj/LaunchScreen.xib; sourceTree = "<group>"; };
		33BC3E561AA1417400B4B620 /* WisenTests.xctest */ = {isa = PBXFileReference; explicitFileType = wrapper.cfbundle; includeInIndex = 0; path = WisenTests.xctest; sourceTree = BUILT_PRODUCTS_DIR; };
		33BC3E5B1AA1417400B4B620 /* Info.plist */ = {isa = PBXFileReference; lastKnownFileType = text.plist.xml; path = Info.plist; sourceTree = "<group>"; };
		33BC3E5C1AA1417400B4B620 /* WisenTests.m */ = {isa = PBXFileReference; lastKnownFileType = sourcecode.c.objc; path = WisenTests.m; sourceTree = "<group>"; };
		33D3E3231AA157A900F98C56 /* TwitterAuthHelper.h */ = {isa = PBXFileReference; fileEncoding = 4; lastKnownFileType = sourcecode.c.h; path = TwitterAuthHelper.h; sourceTree = "<group>"; };
		33D3E3241AA157A900F98C56 /* TwitterAuthHelper.m */ = {isa = PBXFileReference; fileEncoding = 4; lastKnownFileType = sourcecode.c.objc; path = TwitterAuthHelper.m; sourceTree = "<group>"; };
		5D76523222769ACF221BA57F /* Pods.debug.xcconfig */ = {isa = PBXFileReference; includeInIndex = 1; lastKnownFileType = text.xcconfig; name = Pods.debug.xcconfig; path = "Pods/Target Support Files/Pods/Pods.debug.xcconfig"; sourceTree = "<group>"; };
		FC19ABE1547EBEB50EAE97E7 /* libPods.a */ = {isa = PBXFileReference; explicitFileType = archive.ar; includeInIndex = 0; path = libPods.a; sourceTree = BUILT_PRODUCTS_DIR; };
/* End PBXFileReference section */

/* Begin PBXFrameworksBuildPhase section */
		33BC3E3A1AA1417400B4B620 /* Frameworks */ = {
			isa = PBXFrameworksBuildPhase;
			buildActionMask = 2147483647;
			files = (
				07C1AA5C1AA150500042854E /* Crashlytics.framework in Frameworks */,
				22D1942B5A9A218BE013B411 /* libPods.a in Frameworks */,
				07C1AA5D1AA150500042854E /* Fabric.framework in Frameworks */,
			);
			runOnlyForDeploymentPostprocessing = 0;
		};
		33BC3E531AA1417400B4B620 /* Frameworks */ = {
			isa = PBXFrameworksBuildPhase;
			buildActionMask = 2147483647;
			files = (
			);
			runOnlyForDeploymentPostprocessing = 0;
		};
/* End PBXFrameworksBuildPhase section */

/* Begin PBXGroup section */
		07D7EC2A1AA1A2EF00606D43 /* Model */ = {
			isa = PBXGroup;
			children = (
				335186661AA1668600636D86 /* User.h */,
				335186671AA1668600636D86 /* User.m */,
				33720F511AA1B6F40040895D /* Request.h */,
				33720F521AA1B6F40040895D /* Request.m */,
			);
			name = Model;
			sourceTree = "<group>";
		};
		07D7EC2B1AA1A2F600606D43 /* Manager */ = {
			isa = PBXGroup;
			children = (
				335186691AA16E7900636D86 /* UserManager.h */,
				3351866A1AA16E7900636D86 /* UserManager.m */,
				07D7EC3D1AA1E28900606D43 /* MessageManager.h */,
				07D7EC3E1AA1E28900606D43 /* MessageManager.m */,
				074870BA1AA214BF00F5D227 /* PaymentManager.h */,
				074870BB1AA214BF00F5D227 /* PaymentManager.m */,
			);
			name = Manager;
			sourceTree = "<group>";
		};
		07D7EC3A1AA1DBEB00606D43 /* ViewController */ = {
			isa = PBXGroup;
			children = (
				070DCD951AA1FA270043F4C9 /* MainCollectionViewCell.swift */,
				070DCD961AA1FA270043F4C9 /* MainCollectionViewCell.xib */,
				07D7EC451AA1EC9B00606D43 /* MessageTableViewController.h */,
				07D7EC461AA1EC9B00606D43 /* MessageTableViewController.m */,
				074870BF1AA2516500F5D227 /* ConfirmationViewController.swift */,
				07D7EC501AA1EFA100606D43 /* MessageTableViewCell.h */,
				07D7EC511AA1EFA100606D43 /* MessageTableViewCell.m */,
				07D7EC4C1AA1EE5C00606D43 /* IncomingMessageCell.xib */,
				07D7EC4D1AA1EE5C00606D43 /* OutgoingMessageCell.xib */,
				07C1AA5E1AA155400042854E /* MainViewController.swift */,
				07D7EC381AA1B7DF00606D43 /* UserViewController.swift */,
				074870BD1AA2163700F5D227 /* PaymentViewController.swift */,
				07D7EC341AA1AC3600606D43 /* BackgroundTableViewCell.swift */,
				07D7EC351AA1AC3600606D43 /* BackgroundTableViewCell.xib */,
				07D7EC221AA1790800606D43 /* RequestViewController.swift */,
				07D7EC261AA1830600606D43 /* LoginViewController.swift */,
				07D7EC241AA1797300606D43 /* HistoryViewController.swift */,
			);
			name = ViewController;
			sourceTree = "<group>";
		};
		33BC3E341AA1417400B4B620 = {
			isa = PBXGroup;
			children = (
				33BC3E3F1AA1417400B4B620 /* Wisen */,
				33BC3E591AA1417400B4B620 /* WisenTests */,
				33BC3E3E1AA1417400B4B620 /* Products */,
				DB12D3D52DA7F3B433D99EA1 /* Pods */,
				5EAB378D0E903DC3DCBD9D82 /* Frameworks */,
			);
			sourceTree = "<group>";
		};
		33BC3E3E1AA1417400B4B620 /* Products */ = {
			isa = PBXGroup;
			children = (
				33BC3E3D1AA1417400B4B620 /* Wisen.app */,
				33BC3E561AA1417400B4B620 /* WisenTests.xctest */,
			);
			name = Products;
			sourceTree = "<group>";
		};
		33BC3E3F1AA1417400B4B620 /* Wisen */ = {
			isa = PBXGroup;
			children = (
				33D3E3231AA157A900F98C56 /* TwitterAuthHelper.h */,
				33D3E3241AA157A900F98C56 /* TwitterAuthHelper.m */,
				33BC3E441AA1417400B4B620 /* AppDelegate.h */,
				33BC3E451AA1417400B4B620 /* AppDelegate.m */,
				33BC3E4A1AA1417400B4B620 /* Main.storyboard */,
				07D7EC3A1AA1DBEB00606D43 /* ViewController */,
				33BC3E4F1AA1417400B4B620 /* LaunchScreen.xib */,
				33BC3E401AA1417400B4B620 /* Supporting Files */,
				07D7EC2A1AA1A2EF00606D43 /* Model */,
				07D7EC2B1AA1A2F600606D43 /* Manager */,
			);
			path = Wisen;
			sourceTree = "<group>";
		};
		33BC3E401AA1417400B4B620 /* Supporting Files */ = {
			isa = PBXGroup;
			children = (
				33BC3E4D1AA1417400B4B620 /* Images.xcassets */,
				07D7EC2F1AA1A32800606D43 /* UIImageView+Fetch.h */,
				07D7EC301AA1A32800606D43 /* UIImageView+Fetch.m */,
				33BC3E411AA1417400B4B620 /* Info.plist */,
				07D7EC281AA183D300606D43 /* PrefixHeader.pch */,
				07D7EC291AA1853800606D43 /* Wisen-Bridging-Header.h */,
				33BC3E421AA1417400B4B620 /* main.m */,
			);
			name = "Supporting Files";
			sourceTree = "<group>";
		};
		33BC3E591AA1417400B4B620 /* WisenTests */ = {
			isa = PBXGroup;
			children = (
				33BC3E5C1AA1417400B4B620 /* WisenTests.m */,
				33BC3E5A1AA1417400B4B620 /* Supporting Files */,
			);
			path = WisenTests;
			sourceTree = "<group>";
		};
		33BC3E5A1AA1417400B4B620 /* Supporting Files */ = {
			isa = PBXGroup;
			children = (
				33BC3E5B1AA1417400B4B620 /* Info.plist */,
			);
			name = "Supporting Files";
			sourceTree = "<group>";
		};
		5EAB378D0E903DC3DCBD9D82 /* Frameworks */ = {
			isa = PBXGroup;
			children = (
				07C1AA5A1AA150500042854E /* Crashlytics.framework */,
				07C1AA5B1AA150500042854E /* Fabric.framework */,
				FC19ABE1547EBEB50EAE97E7 /* libPods.a */,
			);
			name = Frameworks;
			sourceTree = "<group>";
		};
		DB12D3D52DA7F3B433D99EA1 /* Pods */ = {
			isa = PBXGroup;
			children = (
				5D76523222769ACF221BA57F /* Pods.debug.xcconfig */,
				182AD98120EF69D918B1C6E1 /* Pods.release.xcconfig */,
			);
			name = Pods;
			sourceTree = "<group>";
		};
/* End PBXGroup section */

/* Begin PBXNativeTarget section */
		33BC3E3C1AA1417400B4B620 /* Wisen */ = {
			isa = PBXNativeTarget;
			buildConfigurationList = 33BC3E601AA1417400B4B620 /* Build configuration list for PBXNativeTarget "Wisen" */;
			buildPhases = (
				61896821732A7897DE6FDDF0 /* Check Pods Manifest.lock */,
				33BC3E391AA1417400B4B620 /* Sources */,
				33BC3E3A1AA1417400B4B620 /* Frameworks */,
				33BC3E3B1AA1417400B4B620 /* Resources */,
				805E5F938B3377E46B597A90 /* Copy Pods Resources */,
				07C1AA591AA1501D0042854E /* ShellScript */,
			);
			buildRules = (
			);
			dependencies = (
			);
			name = Wisen;
			productName = Wisen;
			productReference = 33BC3E3D1AA1417400B4B620 /* Wisen.app */;
			productType = "com.apple.product-type.application";
		};
		33BC3E551AA1417400B4B620 /* WisenTests */ = {
			isa = PBXNativeTarget;
			buildConfigurationList = 33BC3E631AA1417400B4B620 /* Build configuration list for PBXNativeTarget "WisenTests" */;
			buildPhases = (
				33BC3E521AA1417400B4B620 /* Sources */,
				33BC3E531AA1417400B4B620 /* Frameworks */,
				33BC3E541AA1417400B4B620 /* Resources */,
			);
			buildRules = (
			);
			dependencies = (
				33BC3E581AA1417400B4B620 /* PBXTargetDependency */,
			);
			name = WisenTests;
			productName = WisenTests;
			productReference = 33BC3E561AA1417400B4B620 /* WisenTests.xctest */;
			productType = "com.apple.product-type.bundle.unit-test";
		};
/* End PBXNativeTarget section */

/* Begin PBXProject section */
		33BC3E351AA1417400B4B620 /* Project object */ = {
			isa = PBXProject;
			attributes = {
				LastUpgradeCheck = 0610;
				ORGANIZATIONNAME = self;
				TargetAttributes = {
					33BC3E3C1AA1417400B4B620 = {
						CreatedOnToolsVersion = 6.1.1;
						DevelopmentTeam = HYHN7K59N8;
					};
					33BC3E551AA1417400B4B620 = {
						CreatedOnToolsVersion = 6.1.1;
						TestTargetID = 33BC3E3C1AA1417400B4B620;
					};
				};
			};
			buildConfigurationList = 33BC3E381AA1417400B4B620 /* Build configuration list for PBXProject "Wisen" */;
			compatibilityVersion = "Xcode 3.2";
			developmentRegion = English;
			hasScannedForEncodings = 0;
			knownRegions = (
				en,
				Base,
			);
			mainGroup = 33BC3E341AA1417400B4B620;
			productRefGroup = 33BC3E3E1AA1417400B4B620 /* Products */;
			projectDirPath = "";
			projectRoot = "";
			targets = (
				33BC3E3C1AA1417400B4B620 /* Wisen */,
				33BC3E551AA1417400B4B620 /* WisenTests */,
			);
		};
/* End PBXProject section */

/* Begin PBXResourcesBuildPhase section */
		33BC3E3B1AA1417400B4B620 /* Resources */ = {
			isa = PBXResourcesBuildPhase;
			buildActionMask = 2147483647;
			files = (
				33BC3E4C1AA1417400B4B620 /* Main.storyboard in Resources */,
				07D7EC4F1AA1EE5C00606D43 /* OutgoingMessageCell.xib in Resources */,
				33BC3E511AA1417400B4B620 /* LaunchScreen.xib in Resources */,
				07D7EC4E1AA1EE5C00606D43 /* IncomingMessageCell.xib in Resources */,
				33BC3E4E1AA1417400B4B620 /* Images.xcassets in Resources */,
				070DCD981AA1FA270043F4C9 /* MainCollectionViewCell.xib in Resources */,
				07D7EC371AA1AC3600606D43 /* BackgroundTableViewCell.xib in Resources */,
			);
			runOnlyForDeploymentPostprocessing = 0;
		};
		33BC3E541AA1417400B4B620 /* Resources */ = {
			isa = PBXResourcesBuildPhase;
			buildActionMask = 2147483647;
			files = (
			);
			runOnlyForDeploymentPostprocessing = 0;
		};
/* End PBXResourcesBuildPhase section */

/* Begin PBXShellScriptBuildPhase section */
		07C1AA591AA1501D0042854E /* ShellScript */ = {
			isa = PBXShellScriptBuildPhase;
			buildActionMask = 2147483647;
			files = (
			);
			inputPaths = (
			);
			outputPaths = (
			);
			runOnlyForDeploymentPostprocessing = 0;
			shellPath = /bin/sh;
			shellScript = "./Fabric.framework/run a43e6afcb6f8cc60f2c803e6ea49c040ba79fb7e f72258897c2e09f9afd75b7e71f7f3a506d2ae2a52d8a77a4ce2e1c340cd6391";
		};
		61896821732A7897DE6FDDF0 /* Check Pods Manifest.lock */ = {
			isa = PBXShellScriptBuildPhase;
			buildActionMask = 2147483647;
			files = (
			);
			inputPaths = (
			);
			name = "Check Pods Manifest.lock";
			outputPaths = (
			);
			runOnlyForDeploymentPostprocessing = 0;
			shellPath = /bin/sh;
			shellScript = "diff \"${PODS_ROOT}/../Podfile.lock\" \"${PODS_ROOT}/Manifest.lock\" > /dev/null\nif [[ $? != 0 ]] ; then\n    cat << EOM\nerror: The sandbox is not in sync with the Podfile.lock. Run 'pod install' or update your CocoaPods installation.\nEOM\n    exit 1\nfi\n";
			showEnvVarsInLog = 0;
		};
		805E5F938B3377E46B597A90 /* Copy Pods Resources */ = {
			isa = PBXShellScriptBuildPhase;
			buildActionMask = 2147483647;
			files = (
			);
			inputPaths = (
			);
			name = "Copy Pods Resources";
			outputPaths = (
			);
			runOnlyForDeploymentPostprocessing = 0;
			shellPath = /bin/sh;
			shellScript = "\"${SRCROOT}/Pods/Target Support Files/Pods/Pods-resources.sh\"\n";
			showEnvVarsInLog = 0;
		};
/* End PBXShellScriptBuildPhase section */

/* Begin PBXSourcesBuildPhase section */
		33BC3E391AA1417400B4B620 /* Sources */ = {
			isa = PBXSourcesBuildPhase;
			buildActionMask = 2147483647;
			files = (
				33720F531AA1B6F40040895D /* Request.m in Sources */,
				07D7EC3F1AA1E28900606D43 /* MessageManager.m in Sources */,
				074870BE1AA2163700F5D227 /* PaymentViewController.swift in Sources */,
				07D7EC271AA1830600606D43 /* LoginViewController.swift in Sources */,
				07D7EC471AA1EC9B00606D43 /* MessageTableViewController.m in Sources */,
				07D7EC391AA1B7DF00606D43 /* UserViewController.swift in Sources */,
				070DCD971AA1FA270043F4C9 /* MainCollectionViewCell.swift in Sources */,
				335186681AA1668600636D86 /* User.m in Sources */,
				07D7EC361AA1AC3600606D43 /* BackgroundTableViewCell.swift in Sources */,
				07C1AA5F1AA155400042854E /* MainViewController.swift in Sources */,
				07D7EC311AA1A32800606D43 /* UIImageView+Fetch.m in Sources */,
				07D7EC521AA1EFA100606D43 /* MessageTableViewCell.m in Sources */,
				33BC3E461AA1417400B4B620 /* AppDelegate.m in Sources */,
				07D7EC231AA1790800606D43 /* RequestViewController.swift in Sources */,
				074870C01AA2516500F5D227 /* ConfirmationViewController.swift in Sources */,
				07D7EC251AA1797300606D43 /* HistoryViewController.swift in Sources */,
				33BC3E431AA1417400B4B620 /* main.m in Sources */,
				3351866B1AA16E7900636D86 /* UserManager.m in Sources */,
				074870BC1AA214BF00F5D227 /* PaymentManager.m in Sources */,
				33D3E3251AA157A900F98C56 /* TwitterAuthHelper.m in Sources */,
			);
			runOnlyForDeploymentPostprocessing = 0;
		};
		33BC3E521AA1417400B4B620 /* Sources */ = {
			isa = PBXSourcesBuildPhase;
			buildActionMask = 2147483647;
			files = (
				33BC3E5D1AA1417400B4B620 /* WisenTests.m in Sources */,
			);
			runOnlyForDeploymentPostprocessing = 0;
		};
/* End PBXSourcesBuildPhase section */

/* Begin PBXTargetDependency section */
		33BC3E581AA1417400B4B620 /* PBXTargetDependency */ = {
			isa = PBXTargetDependency;
			target = 33BC3E3C1AA1417400B4B620 /* Wisen */;
			targetProxy = 33BC3E571AA1417400B4B620 /* PBXContainerItemProxy */;
		};
/* End PBXTargetDependency section */

/* Begin PBXVariantGroup section */
		33BC3E4A1AA1417400B4B620 /* Main.storyboard */ = {
			isa = PBXVariantGroup;
			children = (
				33BC3E4B1AA1417400B4B620 /* Base */,
			);
			name = Main.storyboard;
			sourceTree = "<group>";
		};
		33BC3E4F1AA1417400B4B620 /* LaunchScreen.xib */ = {
			isa = PBXVariantGroup;
			children = (
				33BC3E501AA1417400B4B620 /* Base */,
			);
			name = LaunchScreen.xib;
			sourceTree = "<group>";
		};
/* End PBXVariantGroup section */

/* Begin XCBuildConfiguration section */
		33BC3E5E1AA1417400B4B620 /* Debug */ = {
			isa = XCBuildConfiguration;
			buildSettings = {
				ALWAYS_SEARCH_USER_PATHS = NO;
				CLANG_CXX_LANGUAGE_STANDARD = "gnu++0x";
				CLANG_CXX_LIBRARY = "libc++";
				CLANG_ENABLE_MODULES = YES;
				CLANG_ENABLE_OBJC_ARC = YES;
				CLANG_WARN_BOOL_CONVERSION = YES;
				CLANG_WARN_CONSTANT_CONVERSION = YES;
				CLANG_WARN_DIRECT_OBJC_ISA_USAGE = YES_ERROR;
				CLANG_WARN_EMPTY_BODY = YES;
				CLANG_WARN_ENUM_CONVERSION = YES;
				CLANG_WARN_INT_CONVERSION = YES;
				CLANG_WARN_OBJC_ROOT_CLASS = YES_ERROR;
				CLANG_WARN_UNREACHABLE_CODE = YES;
				CLANG_WARN__DUPLICATE_METHOD_MATCH = YES;
				"CODE_SIGN_IDENTITY[sdk=iphoneos*]" = "iPhone Developer";
				COPY_PHASE_STRIP = NO;
				ENABLE_STRICT_OBJC_MSGSEND = YES;
				GCC_C_LANGUAGE_STANDARD = gnu99;
				GCC_DYNAMIC_NO_PIC = NO;
				GCC_OPTIMIZATION_LEVEL = 0;
				GCC_PREPROCESSOR_DEFINITIONS = (
					"DEBUG=1",
					"$(inherited)",
				);
				GCC_SYMBOLS_PRIVATE_EXTERN = NO;
				GCC_WARN_64_TO_32_BIT_CONVERSION = YES;
				GCC_WARN_ABOUT_RETURN_TYPE = YES_ERROR;
				GCC_WARN_UNDECLARED_SELECTOR = YES;
				GCC_WARN_UNINITIALIZED_AUTOS = YES_AGGRESSIVE;
				GCC_WARN_UNUSED_FUNCTION = YES;
				GCC_WARN_UNUSED_VARIABLE = YES;
				IPHONEOS_DEPLOYMENT_TARGET = 8.1;
				MTL_ENABLE_DEBUG_INFO = YES;
				ONLY_ACTIVE_ARCH = YES;
				SDKROOT = iphoneos;
			};
			name = Debug;
		};
		33BC3E5F1AA1417400B4B620 /* Release */ = {
			isa = XCBuildConfiguration;
			buildSettings = {
				ALWAYS_SEARCH_USER_PATHS = NO;
				CLANG_CXX_LANGUAGE_STANDARD = "gnu++0x";
				CLANG_CXX_LIBRARY = "libc++";
				CLANG_ENABLE_MODULES = YES;
				CLANG_ENABLE_OBJC_ARC = YES;
				CLANG_WARN_BOOL_CONVERSION = YES;
				CLANG_WARN_CONSTANT_CONVERSION = YES;
				CLANG_WARN_DIRECT_OBJC_ISA_USAGE = YES_ERROR;
				CLANG_WARN_EMPTY_BODY = YES;
				CLANG_WARN_ENUM_CONVERSION = YES;
				CLANG_WARN_INT_CONVERSION = YES;
				CLANG_WARN_OBJC_ROOT_CLASS = YES_ERROR;
				CLANG_WARN_UNREACHABLE_CODE = YES;
				CLANG_WARN__DUPLICATE_METHOD_MATCH = YES;
				"CODE_SIGN_IDENTITY[sdk=iphoneos*]" = "iPhone Developer";
				COPY_PHASE_STRIP = YES;
				ENABLE_NS_ASSERTIONS = NO;
				ENABLE_STRICT_OBJC_MSGSEND = YES;
				GCC_C_LANGUAGE_STANDARD = gnu99;
				GCC_WARN_64_TO_32_BIT_CONVERSION = YES;
				GCC_WARN_ABOUT_RETURN_TYPE = YES_ERROR;
				GCC_WARN_UNDECLARED_SELECTOR = YES;
				GCC_WARN_UNINITIALIZED_AUTOS = YES_AGGRESSIVE;
				GCC_WARN_UNUSED_FUNCTION = YES;
				GCC_WARN_UNUSED_VARIABLE = YES;
				IPHONEOS_DEPLOYMENT_TARGET = 8.1;
				MTL_ENABLE_DEBUG_INFO = NO;
				SDKROOT = iphoneos;
				VALIDATE_PRODUCT = YES;
			};
			name = Release;
		};
		33BC3E611AA1417400B4B620 /* Debug */ = {
			isa = XCBuildConfiguration;
			baseConfigurationReference = 5D76523222769ACF221BA57F /* Pods.debug.xcconfig */;
			buildSettings = {
				ASSETCATALOG_COMPILER_APPICON_NAME = AppIcon;
				CODE_SIGN_IDENTITY = "iPhone Developer";
				FRAMEWORK_SEARCH_PATHS = (
					"$(inherited)",
					"$(PROJECT_DIR)",
				);
				GCC_PREFIX_HEADER = Wisen/PrefixHeader.pch;
				INFOPLIST_FILE = Wisen/Info.plist;
				LD_RUNPATH_SEARCH_PATHS = "$(inherited) @executable_path/Frameworks";
				PRODUCT_NAME = "$(TARGET_NAME)";
				"SWIFT_OBJC_BRIDGING_HEADER[arch=*]" = "$(SRCROOT)/$(PROJECT_NAME)/Wisen-Bridging-Header.h";
			};
			name = Debug;
		};
		33BC3E621AA1417400B4B620 /* Release */ = {
			isa = XCBuildConfiguration;
			baseConfigurationReference = 182AD98120EF69D918B1C6E1 /* Pods.release.xcconfig */;
			buildSettings = {
				ASSETCATALOG_COMPILER_APPICON_NAME = AppIcon;
				CODE_SIGN_IDENTITY = "iPhone Developer";
				FRAMEWORK_SEARCH_PATHS = (
					"$(inherited)",
					"$(PROJECT_DIR)",
				);
				GCC_PREFIX_HEADER = Wisen/PrefixHeader.pch;
				INFOPLIST_FILE = Wisen/Info.plist;
				LD_RUNPATH_SEARCH_PATHS = "$(inherited) @executable_path/Frameworks";
				PRODUCT_NAME = "$(TARGET_NAME)";
				"SWIFT_OBJC_BRIDGING_HEADER[arch=*]" = "$(SRCROOT)/$(PROJECT_NAME)/Wisen-Bridging-Header.h";
			};
			name = Release;
		};
		33BC3E641AA1417400B4B620 /* Debug */ = {
			isa = XCBuildConfiguration;
			buildSettings = {
				BUNDLE_LOADER = "$(TEST_HOST)";
				FRAMEWORK_SEARCH_PATHS = (
					"$(SDKROOT)/Developer/Library/Frameworks",
					"$(inherited)",
				);
				GCC_PREPROCESSOR_DEFINITIONS = (
					"DEBUG=1",
					"$(inherited)",
				);
				INFOPLIST_FILE = WisenTests/Info.plist;
				LD_RUNPATH_SEARCH_PATHS = "$(inherited) @executable_path/Frameworks @loader_path/Frameworks";
				PRODUCT_NAME = "$(TARGET_NAME)";
				TEST_HOST = "$(BUILT_PRODUCTS_DIR)/Wisen.app/Wisen";
			};
			name = Debug;
		};
		33BC3E651AA1417400B4B620 /* Release */ = {
			isa = XCBuildConfiguration;
			buildSettings = {
				BUNDLE_LOADER = "$(TEST_HOST)";
				FRAMEWORK_SEARCH_PATHS = (
					"$(SDKROOT)/Developer/Library/Frameworks",
					"$(inherited)",
				);
				INFOPLIST_FILE = WisenTests/Info.plist;
				LD_RUNPATH_SEARCH_PATHS = "$(inherited) @executable_path/Frameworks @loader_path/Frameworks";
				PRODUCT_NAME = "$(TARGET_NAME)";
				TEST_HOST = "$(BUILT_PRODUCTS_DIR)/Wisen.app/Wisen";
			};
			name = Release;
		};
/* End XCBuildConfiguration section */

/* Begin XCConfigurationList section */
		33BC3E381AA1417400B4B620 /* Build configuration list for PBXProject "Wisen" */ = {
			isa = XCConfigurationList;
			buildConfigurations = (
				33BC3E5E1AA1417400B4B620 /* Debug */,
				33BC3E5F1AA1417400B4B620 /* Release */,
			);
			defaultConfigurationIsVisible = 0;
			defaultConfigurationName = Release;
		};
		33BC3E601AA1417400B4B620 /* Build configuration list for PBXNativeTarget "Wisen" */ = {
			isa = XCConfigurationList;
			buildConfigurations = (
				33BC3E611AA1417400B4B620 /* Debug */,
				33BC3E621AA1417400B4B620 /* Release */,
			);
			defaultConfigurationIsVisible = 0;
			defaultConfigurationName = Release;
		};
		33BC3E631AA1417400B4B620 /* Build configuration list for PBXNativeTarget "WisenTests" */ = {
			isa = XCConfigurationList;
			buildConfigurations = (
				33BC3E641AA1417400B4B620 /* Debug */,
				33BC3E651AA1417400B4B620 /* Release */,
			);
			defaultConfigurationIsVisible = 0;
			defaultConfigurationName = Release;
		};
/* End XCConfigurationList section */
	};
	rootObject = 33BC3E351AA1417400B4B620 /* Project object */;
}
